
Microsoft Visual Studio Solution File, Format Version 12.00
# Visual Studio 2012
Project("{FAE04EC0-301F-11D3-BF4B-00C04F79EFBC}") = "Biller", "Biller\Biller.csproj", "{6C93775C-0207-4C88-8497-E8982E72132E}"
EndProject
Project("{FAE04EC0-301F-11D3-BF4B-00C04F79EFBC}") = "Biller.Data", "Biller.Data\Biller.Data.csproj", "{1A5B3D3A-01A8-4946-8F7B-1DE9093B3022}"
EndProject
Project("{FAE04EC0-301F-11D3-BF4B-00C04F79EFBC}") = "Biller.Controls", "Biller.Controls\Biller.Controls.csproj", "{7F38E058-9C78-418F-8ACF-1CDD3A196EDD}"
EndProject
Global
	GlobalSection(SolutionConfigurationPlatforms) = preSolution
		Debug|Any CPU = Debug|Any CPU
		Release|Any CPU = Release|Any CPU
	EndGlobalSection
	GlobalSection(ProjectConfigurationPlatforms) = postSolution
		{6C93775C-0207-4C88-8497-E8982E72132E}.Debug|Any CPU.ActiveCfg = Debug|Any CPU
		{6C93775C-0207-4C88-8497-E8982E72132E}.Debug|Any CPU.Build.0 = Debug|Any CPU
		{6C93775C-0207-4C88-8497-E8982E72132E}.Release|Any CPU.ActiveCfg = Release|Any CPU
		{6C93775C-0207-4C88-8497-E8982E72132E}.Release|Any CPU.Build.0 = Release|Any CPU
		{1A5B3D3A-01A8-4946-8F7B-1DE9093B3022}.Debug|Any CPU.ActiveCfg = Debug|Any CPU
		{1A5B3D3A-01A8-4946-8F7B-1DE9093B3022}.Debug|Any CPU.Build.0 = Debug|Any CPU
		{1A5B3D3A-01A8-4946-8F7B-1DE9093B3022}.Release|Any CPU.ActiveCfg = Release|Any CPU
		{1A5B3D3A-01A8-4946-8F7B-1DE9093B3022}.Release|Any CPU.Build.0 = Release|Any CPU
		{7F38E058-9C78-418F-8ACF-1CDD3A196EDD}.Debug|Any CPU.ActiveCfg = Debug|Any CPU
		{7F38E058-9C78-418F-8ACF-1CDD3A196EDD}.Debug|Any CPU.Build.0 = Debug|Any CPU
		{7F38E058-9C78-418F-8ACF-1CDD3A196EDD}.Release|Any CPU.ActiveCfg = Release|Any CPU
		{7F38E058-9C78-418F-8ACF-1CDD3A196EDD}.Release|Any CPU.Build.0 = Release|Any CPU
	EndGlobalSection
	GlobalSection(SolutionProperties) = preSolution
		HideSolutionNode = FALSE
	EndGlobalSection
EndGlobal
